
Microsoft Visual Studio Solution File, Format Version 12.00
# Visual Studio Version 16
VisualStudioVersion = 16.0.29409.12
MinimumVisualStudioVersion = 10.0.40219.1
Project("{FAE04EC0-301F-11D3-BF4B-00C04F79EFBC}") = "TestCCO", "TestCCO\TestCCO.csproj", "{644FC041-2232-477C-8684-D6D5F9A5903D}"
EndProject
Project("{FAE04EC0-301F-11D3-BF4B-00C04F79EFBC}") = "ConsoleColorOutput", "ConsoleColorOutput\ConsoleColorOutput.csproj", "{7B0496C3-2EC8-4EC9-A31A-86BEB777029D}"
EndProject
Global
	GlobalSection(SolutionConfigurationPlatforms) = preSolution
		Debug|Any CPU = Debug|Any CPU
		Release|Any CPU = Release|Any CPU
	EndGlobalSection
	GlobalSection(ProjectConfigurationPlatforms) = postSolution
		{644FC041-2232-477C-8684-D6D5F9A5903D}.Debug|Any CPU.ActiveCfg = Debug|Any CPU
		{644FC041-2232-477C-8684-D6D5F9A5903D}.Debug|Any CPU.Build.0 = Debug|Any CPU
		{644FC041-2232-477C-8684-D6D5F9A5903D}.Release|Any CPU.ActiveCfg = Release|Any CPU
		{644FC041-2232-477C-8684-D6D5F9A5903D}.Release|Any CPU.Build.0 = Release|Any CPU
		{7B0496C3-2EC8-4EC9-A31A-86BEB777029D}.Debug|Any CPU.ActiveCfg = Debug|Any CPU
		{7B0496C3-2EC8-4EC9-A31A-86BEB777029D}.Debug|Any CPU.Build.0 = Debug|Any CPU
		{7B0496C3-2EC8-4EC9-A31A-86BEB777029D}.Release|Any CPU.ActiveCfg = Release|Any CPU
		{7B0496C3-2EC8-4EC9-A31A-86BEB777029D}.Release|Any CPU.Build.0 = Release|Any CPU
	EndGlobalSection
	GlobalSection(SolutionProperties) = preSolution
		HideSolutionNode = FALSE
	EndGlobalSection
	GlobalSection(ExtensibilityGlobals) = postSolution
		SolutionGuid = {C75988BE-4CCC-4F5D-A62F-CFA5EB04C428}
	EndGlobalSection
EndGlobal
